
Microsoft Visual Studio Solution File, Format Version 12.00
# Visual Studio Version 17
VisualStudioVersion = 17.12.35521.163
MinimumVisualStudioVersion = 10.0.40219.1
Project("{8BC9CEB8-8B4A-11D0-8D11-00A0C91BC942}") = "Rectangle", "Project1\Project1.vcxproj", "{A7EBD928-0553-4CF0-8FA2-AF27B5C206C5}"
EndProject
Project("{8BC9CEB8-8B4A-11D0-8D11-00A0C91BC942}") = "OasenCrawler", "OasenCrawler\OasenCrawler.vcxproj", "{0F1B298A-7B49-4949-A9AF-4BA5324A8DC1}"
EndProject
Project("{8BC9CEB8-8B4A-11D0-8D11-00A0C91BC942}") = "HeapArray", "HeapArray\HeapArray.vcxproj", "{B01BFF6B-820A-4759-988D-C022CD8E7F8F}"
EndProject
Project("{8BC9CEB8-8B4A-11D0-8D11-00A0C91BC942}") = "Fight Club", "Fight Club\Fight Club.vcxproj", "{854A315D-38A5-4D28-AB11-B773EF949120}"
EndProject
Project("{8BC9CEB8-8B4A-11D0-8D11-00A0C91BC942}") = "DeepMiner", "DeepMiner\DeepMiner.vcxproj", "{95ABB7AD-BB46-4476-BF3A-05EF402068E7}"
EndProject
Project("{8BC9CEB8-8B4A-11D0-8D11-00A0C91BC942}") = "BetterDeepMiner", "BetterDeepMiner\BetterDeepMiner.vcxproj", "{3539BE1B-CB20-480A-8A84-00626ECE6F4F}"
EndProject
Global
	GlobalSection(SolutionConfigurationPlatforms) = preSolution
		Debug|x64 = Debug|x64
		Debug|x86 = Debug|x86
		Release|x64 = Release|x64
		Release|x86 = Release|x86
	EndGlobalSection
	GlobalSection(ProjectConfigurationPlatforms) = postSolution
		{A7EBD928-0553-4CF0-8FA2-AF27B5C206C5}.Debug|x64.ActiveCfg = Debug|x64
		{A7EBD928-0553-4CF0-8FA2-AF27B5C206C5}.Debug|x64.Build.0 = Debug|x64
		{A7EBD928-0553-4CF0-8FA2-AF27B5C206C5}.Debug|x86.ActiveCfg = Debug|Win32
		{A7EBD928-0553-4CF0-8FA2-AF27B5C206C5}.Debug|x86.Build.0 = Debug|Win32
		{A7EBD928-0553-4CF0-8FA2-AF27B5C206C5}.Release|x64.ActiveCfg = Release|x64
		{A7EBD928-0553-4CF0-8FA2-AF27B5C206C5}.Release|x64.Build.0 = Release|x64
		{A7EBD928-0553-4CF0-8FA2-AF27B5C206C5}.Release|x86.ActiveCfg = Release|Win32
		{A7EBD928-0553-4CF0-8FA2-AF27B5C206C5}.Release|x86.Build.0 = Release|Win32
		{0F1B298A-7B49-4949-A9AF-4BA5324A8DC1}.Debug|x64.ActiveCfg = Debug|x64
		{0F1B298A-7B49-4949-A9AF-4BA5324A8DC1}.Debug|x64.Build.0 = Debug|x64
		{0F1B298A-7B49-4949-A9AF-4BA5324A8DC1}.Debug|x86.ActiveCfg = Debug|Win32
		{0F1B298A-7B49-4949-A9AF-4BA5324A8DC1}.Debug|x86.Build.0 = Debug|Win32
		{0F1B298A-7B49-4949-A9AF-4BA5324A8DC1}.Release|x64.ActiveCfg = Release|x64
		{0F1B298A-7B49-4949-A9AF-4BA5324A8DC1}.Release|x64.Build.0 = Release|x64
		{0F1B298A-7B49-4949-A9AF-4BA5324A8DC1}.Release|x86.ActiveCfg = Release|Win32
		{0F1B298A-7B49-4949-A9AF-4BA5324A8DC1}.Release|x86.Build.0 = Release|Win32
		{B01BFF6B-820A-4759-988D-C022CD8E7F8F}.Debug|x64.ActiveCfg = Debug|x64
		{B01BFF6B-820A-4759-988D-C022CD8E7F8F}.Debug|x64.Build.0 = Debug|x64
		{B01BFF6B-820A-4759-988D-C022CD8E7F8F}.Debug|x86.ActiveCfg = Debug|Win32
		{B01BFF6B-820A-4759-988D-C022CD8E7F8F}.Debug|x86.Build.0 = Debug|Win32
		{B01BFF6B-820A-4759-988D-C022CD8E7F8F}.Release|x64.ActiveCfg = Release|x64
		{B01BFF6B-820A-4759-988D-C022CD8E7F8F}.Release|x64.Build.0 = Release|x64
		{B01BFF6B-820A-4759-988D-C022CD8E7F8F}.Release|x86.ActiveCfg = Release|Win32
		{B01BFF6B-820A-4759-988D-C022CD8E7F8F}.Release|x86.Build.0 = Release|Win32
		{854A315D-38A5-4D28-AB11-B773EF949120}.Debug|x64.ActiveCfg = Debug|x64
		{854A315D-38A5-4D28-AB11-B773EF949120}.Debug|x64.Build.0 = Debug|x64
		{854A315D-38A5-4D28-AB11-B773EF949120}.Debug|x86.ActiveCfg = Debug|Win32
		{854A315D-38A5-4D28-AB11-B773EF949120}.Debug|x86.Build.0 = Debug|Win32
		{854A315D-38A5-4D28-AB11-B773EF949120}.Release|x64.ActiveCfg = Release|x64
		{854A315D-38A5-4D28-AB11-B773EF949120}.Release|x64.Build.0 = Release|x64
		{854A315D-38A5-4D28-AB11-B773EF949120}.Release|x86.ActiveCfg = Release|Win32
		{854A315D-38A5-4D28-AB11-B773EF949120}.Release|x86.Build.0 = Release|Win32
		{95ABB7AD-BB46-4476-BF3A-05EF402068E7}.Debug|x64.ActiveCfg = Debug|x64
		{95ABB7AD-BB46-4476-BF3A-05EF402068E7}.Debug|x64.Build.0 = Debug|x64
		{95ABB7AD-BB46-4476-BF3A-05EF402068E7}.Debug|x86.ActiveCfg = Debug|Win32
		{95ABB7AD-BB46-4476-BF3A-05EF402068E7}.Debug|x86.Build.0 = Debug|Win32
		{95ABB7AD-BB46-4476-BF3A-05EF402068E7}.Release|x64.ActiveCfg = Release|x64
		{95ABB7AD-BB46-4476-BF3A-05EF402068E7}.Release|x64.Build.0 = Release|x64
		{95ABB7AD-BB46-4476-BF3A-05EF402068E7}.Release|x86.ActiveCfg = Release|Win32
		{95ABB7AD-BB46-4476-BF3A-05EF402068E7}.Release|x86.Build.0 = Release|Win32
		{3539BE1B-CB20-480A-8A84-00626ECE6F4F}.Debug|x64.ActiveCfg = Debug|x64
		{3539BE1B-CB20-480A-8A84-00626ECE6F4F}.Debug|x64.Build.0 = Debug|x64
		{3539BE1B-CB20-480A-8A84-00626ECE6F4F}.Debug|x86.ActiveCfg = Debug|Win32
		{3539BE1B-CB20-480A-8A84-00626ECE6F4F}.Debug|x86.Build.0 = Debug|Win32
		{3539BE1B-CB20-480A-8A84-00626ECE6F4F}.Release|x64.ActiveCfg = Release|x64
		{3539BE1B-CB20-480A-8A84-00626ECE6F4F}.Release|x64.Build.0 = Release|x64
		{3539BE1B-CB20-480A-8A84-00626ECE6F4F}.Release|x86.ActiveCfg = Release|Win32
		{3539BE1B-CB20-480A-8A84-00626ECE6F4F}.Release|x86.Build.0 = Release|Win32
	EndGlobalSection
	GlobalSection(SolutionProperties) = preSolution
		HideSolutionNode = FALSE
	EndGlobalSection
	GlobalSection(ExtensibilityGlobals) = postSolution
		SolutionGuid = {9826B82C-C563-46C4-98BF-71662281E2C6}
	EndGlobalSection
EndGlobal
